
Microsoft Visual Studio Solution File, Format Version 12.00
# Visual Studio 14
VisualStudioVersion = 14.0.25420.1
MinimumVisualStudioVersion = 10.0.40219.1
Project("{E24C65DC-7377-472B-9ABA-BC803B73C61A}") = "RegApp", "..\..\WebSites\RegApp\", "{D1DE8DBD-1681-4F17-BB8E-53662894F9C0}"
	ProjectSection(WebsiteProperties) = preProject
		TargetFrameworkMoniker = ".NETFramework,Version%3Dv4.5.2"
		ProjectReferences = "{55465cfd-9f31-402e-8152-26d582454027}|RegAppBuisnessLogicLayer.dll;"
		Debug.AspNetCompiler.VirtualPath = "/localhost_52089"
		Debug.AspNetCompiler.PhysicalPath = "..\..\WebSites\RegApp\"
		Debug.AspNetCompiler.TargetPath = "PrecompiledWeb\localhost_52089\"
		Debug.AspNetCompiler.Updateable = "true"
		Debug.AspNetCompiler.ForceOverwrite = "true"
		Debug.AspNetCompiler.FixedNames = "false"
		Debug.AspNetCompiler.Debug = "True"
		Release.AspNetCompiler.VirtualPath = "/localhost_52089"
		Release.AspNetCompiler.PhysicalPath = "..\..\WebSites\RegApp\"
		Release.AspNetCompiler.TargetPath = "PrecompiledWeb\localhost_52089\"
		Release.AspNetCompiler.Updateable = "true"
		Release.AspNetCompiler.ForceOverwrite = "true"
		Release.AspNetCompiler.FixedNames = "false"
		Release.AspNetCompiler.Debug = "False"
		VWDPort = "52089"
		SlnRelativePath = "..\..\WebSites\RegApp\"
		DefaultWebSiteLanguage = "Visual C#"
	EndProjectSection
EndProject
Project("{FAE04EC0-301F-11D3-BF4B-00C04F79EFBC}") = "RegAppBuisnessLogicLayer", "RegAppBuisnessLogicLayer\RegAppBuisnessLogicLayer.csproj", "{55465CFD-9F31-402E-8152-26D582454027}"
EndProject
Global
	GlobalSection(SolutionConfigurationPlatforms) = preSolution
		Debug|Any CPU = Debug|Any CPU
		Release|Any CPU = Release|Any CPU
	EndGlobalSection
	GlobalSection(ProjectConfigurationPlatforms) = postSolution
		{D1DE8DBD-1681-4F17-BB8E-53662894F9C0}.Debug|Any CPU.ActiveCfg = Debug|Any CPU
		{D1DE8DBD-1681-4F17-BB8E-53662894F9C0}.Debug|Any CPU.Build.0 = Debug|Any CPU
		{D1DE8DBD-1681-4F17-BB8E-53662894F9C0}.Release|Any CPU.ActiveCfg = Debug|Any CPU
		{D1DE8DBD-1681-4F17-BB8E-53662894F9C0}.Release|Any CPU.Build.0 = Debug|Any CPU
		{55465CFD-9F31-402E-8152-26D582454027}.Debug|Any CPU.ActiveCfg = Debug|Any CPU
		{55465CFD-9F31-402E-8152-26D582454027}.Debug|Any CPU.Build.0 = Debug|Any CPU
		{55465CFD-9F31-402E-8152-26D582454027}.Release|Any CPU.ActiveCfg = Release|Any CPU
		{55465CFD-9F31-402E-8152-26D582454027}.Release|Any CPU.Build.0 = Release|Any CPU
	EndGlobalSection
	GlobalSection(SolutionProperties) = preSolution
		HideSolutionNode = FALSE
	EndGlobalSection
EndGlobal
